
Microsoft Visual Studio Solution File, Format Version 12.00
# Visual Studio Version 17
VisualStudioVersion = 17.3.32901.215
MinimumVisualStudioVersion = 10.0.40219.1
Project("{FAE04EC0-301F-11D3-BF4B-00C04F79EFBC}") = "NLayer.Core", "NLayer.Core\NLayer.Core.csproj", "{7BCFE264-633A-45CF-9FBB-33921870ACDA}"
EndProject
Global
	GlobalSection(SolutionConfigurationPlatforms) = preSolution
		Debug|Any CPU = Debug|Any CPU
		Release|Any CPU = Release|Any CPU
	EndGlobalSection
	GlobalSection(ProjectConfigurationPlatforms) = postSolution
		{7BCFE264-633A-45CF-9FBB-33921870ACDA}.Debug|Any CPU.ActiveCfg = Debug|Any CPU
		{7BCFE264-633A-45CF-9FBB-33921870ACDA}.Debug|Any CPU.Build.0 = Debug|Any CPU
		{7BCFE264-633A-45CF-9FBB-33921870ACDA}.Release|Any CPU.ActiveCfg = Release|Any CPU
		{7BCFE264-633A-45CF-9FBB-33921870ACDA}.Release|Any CPU.Build.0 = Release|Any CPU
	EndGlobalSection
	GlobalSection(SolutionProperties) = preSolution
		HideSolutionNode = FALSE
	EndGlobalSection
	GlobalSection(ExtensibilityGlobals) = postSolution
		SolutionGuid = {66F5BD3F-5E23-4B6D-80BC-446B3AFBDBA5}
	EndGlobalSection
EndGlobal
